
Microsoft Visual Studio Solution File, Format Version 12.00
# Visual Studio 15
VisualStudioVersion = 15.0.26430.16
MinimumVisualStudioVersion = 10.0.40219.1
Project("{8BC9CEB8-8B4A-11D0-8D11-00A0C91BC942}") = "bili-https", "bili-https\bili-https.vcxproj", "{2211750F-41D9-48DD-BE39-D34403451533}"
EndProject
Project("{8BC9CEB8-8B4A-11D0-8D11-00A0C91BC942}") = "totemoe-unit-test", "totemoe-unit-test\totemoe-unit-test.vcxproj", "{7F3A35F0-87A0-4122-B03C-11C3C5C71B8C}"
EndProject
Project("{2150E333-8FDC-42A3-9474-1A3956D46DE8}") = "additional-items", "additional-items", "{1DE08404-65B7-4555-8AC9-B75C46896B78}"
	ProjectSection(SolutionItems) = preProject
		totemoe.sln.vsspell = totemoe.sln.vsspell
	EndProjectSection
EndProject
Project("{8BC9CEB8-8B4A-11D0-8D11-00A0C91BC942}") = "bili-settings", "bili-settings\bili-settings.vcxproj", "{B3BA72A9-5A9D-4D1B-BA83-CB65EEE98AD0}"
EndProject
Project("{8BC9CEB8-8B4A-11D0-8D11-00A0C91BC942}") = "bili-server", "bili-server\bili-server.vcxproj", "{12A4EC2C-041A-4761-B710-898E4523772D}"
EndProject
Project("{8BC9CEB8-8B4A-11D0-8D11-00A0C91BC942}") = "totemoe-console", "totemoe-console\totemoe-console.vcxproj", "{8BE69751-A590-4C6F-B74F-2C8F6004AF34}"
EndProject
Project("{8BC9CEB8-8B4A-11D0-8D11-00A0C91BC942}") = "bili-database", "bili-database\bili-database.vcxproj", "{CCD096C9-22B6-43D8-8F5C-28E764F259DB}"
EndProject
Project("{2150E333-8FDC-42A3-9474-1A3956D46DE8}") = "bili-live", "bili-live", "{E5C8915E-5EF8-4620-93A2-B6B77D2A6722}"
EndProject
Project("{2150E333-8FDC-42A3-9474-1A3956D46DE8}") = "bili-core", "bili-core", "{1AF33130-BE0C-4987-B433-290175FBE0EA}"
EndProject
Project("{8BC9CEB8-8B4A-11D0-8D11-00A0C91BC942}") = "totemoe-livemaid", "totemoe-livemaid\totemoe-livemaid.vcxproj", "{F7C56C94-BC09-4441-9E08-4FD03B8BFAA1}"
EndProject
Project("{2150E333-8FDC-42A3-9474-1A3956D46DE8}") = "bili-plugin", "bili-plugin", "{679F9352-EAE8-4CCA-B082-790865B295A3}"
EndProject
Project("{2150E333-8FDC-42A3-9474-1A3956D46DE8}") = "i18n", "i18n", "{CFCC9002-1E86-4E2D-A80F-FD1ADEBBF5B7}"
	ProjectSection(SolutionItems) = preProject
		i18n\DoReverseMuiLoc.rcconfig = i18n\DoReverseMuiLoc.rcconfig
		i18n\README-COMPILE-EN-US-FIRST = i18n\README-COMPILE-EN-US-FIRST
	EndProjectSection
EndProject
Project("{8BC9CEB8-8B4A-11D0-8D11-00A0C91BC942}") = "totemoe-en-us", "i18n\totemoe-en-us\totemoe-en-us.vcxproj", "{32D44126-F0D8-4CF0-BBE1-0151F61769E2}"
EndProject
Project("{8BC9CEB8-8B4A-11D0-8D11-00A0C91BC942}") = "totemoe-zh-cn", "i18n\totemoe-zh-cn\totemoe-zh-cn.vcxproj", "{10B13411-3C51-4F4A-9D8F-6AAED60DAFB1}"
EndProject
Project("{8BC9CEB8-8B4A-11D0-8D11-00A0C91BC942}") = "overlay", "plugin\overlay\overlay.vcxproj", "{520919B1-BDC2-478F-87B5-D6730353F733}"
EndProject
Project("{8BC9CEB8-8B4A-11D0-8D11-00A0C91BC942}") = "demo", "plugin\demo\demo.vcxproj", "{2431B222-9CC8-46AA-8BDB-A2157342391F}"
EndProject
Global
	GlobalSection(SolutionConfigurationPlatforms) = preSolution
		Debug|ARM = Debug|ARM
		Debug|Win32 = Debug|Win32
		Debug|x64 = Debug|x64
		Debug|x86 = Debug|x86
		Release|ARM = Release|ARM
		Release|Win32 = Release|Win32
		Release|x64 = Release|x64
		Release|x86 = Release|x86
	EndGlobalSection
	GlobalSection(ProjectConfigurationPlatforms) = postSolution
		{2211750F-41D9-48DD-BE39-D34403451533}.Debug|ARM.ActiveCfg = Debug|Win32
		{2211750F-41D9-48DD-BE39-D34403451533}.Debug|Win32.ActiveCfg = Debug|Win32
		{2211750F-41D9-48DD-BE39-D34403451533}.Debug|Win32.Build.0 = Debug|Win32
		{2211750F-41D9-48DD-BE39-D34403451533}.Debug|x64.ActiveCfg = Debug|x64
		{2211750F-41D9-48DD-BE39-D34403451533}.Debug|x64.Build.0 = Debug|x64
		{2211750F-41D9-48DD-BE39-D34403451533}.Debug|x86.ActiveCfg = Debug|Win32
		{2211750F-41D9-48DD-BE39-D34403451533}.Debug|x86.Build.0 = Debug|Win32
		{2211750F-41D9-48DD-BE39-D34403451533}.Release|ARM.ActiveCfg = Release|Win32
		{2211750F-41D9-48DD-BE39-D34403451533}.Release|Win32.ActiveCfg = Release|Win32
		{2211750F-41D9-48DD-BE39-D34403451533}.Release|Win32.Build.0 = Release|Win32
		{2211750F-41D9-48DD-BE39-D34403451533}.Release|x64.ActiveCfg = Release|x64
		{2211750F-41D9-48DD-BE39-D34403451533}.Release|x64.Build.0 = Release|x64
		{2211750F-41D9-48DD-BE39-D34403451533}.Release|x86.ActiveCfg = Release|Win32
		{2211750F-41D9-48DD-BE39-D34403451533}.Release|x86.Build.0 = Release|Win32
		{7F3A35F0-87A0-4122-B03C-11C3C5C71B8C}.Debug|ARM.ActiveCfg = Debug|Win32
		{7F3A35F0-87A0-4122-B03C-11C3C5C71B8C}.Debug|Win32.ActiveCfg = Debug|Win32
		{7F3A35F0-87A0-4122-B03C-11C3C5C71B8C}.Debug|Win32.Build.0 = Debug|Win32
		{7F3A35F0-87A0-4122-B03C-11C3C5C71B8C}.Debug|x64.ActiveCfg = Debug|x64
		{7F3A35F0-87A0-4122-B03C-11C3C5C71B8C}.Debug|x64.Build.0 = Debug|x64
		{7F3A35F0-87A0-4122-B03C-11C3C5C71B8C}.Debug|x86.ActiveCfg = Debug|Win32
		{7F3A35F0-87A0-4122-B03C-11C3C5C71B8C}.Debug|x86.Build.0 = Debug|Win32
		{7F3A35F0-87A0-4122-B03C-11C3C5C71B8C}.Release|ARM.ActiveCfg = Release|Win32
		{7F3A35F0-87A0-4122-B03C-11C3C5C71B8C}.Release|Win32.ActiveCfg = Release|Win32
		{7F3A35F0-87A0-4122-B03C-11C3C5C71B8C}.Release|Win32.Build.0 = Release|Win32
		{7F3A35F0-87A0-4122-B03C-11C3C5C71B8C}.Release|x64.ActiveCfg = Release|x64
		{7F3A35F0-87A0-4122-B03C-11C3C5C71B8C}.Release|x64.Build.0 = Release|x64
		{7F3A35F0-87A0-4122-B03C-11C3C5C71B8C}.Release|x86.ActiveCfg = Release|Win32
		{7F3A35F0-87A0-4122-B03C-11C3C5C71B8C}.Release|x86.Build.0 = Release|Win32
		{B3BA72A9-5A9D-4D1B-BA83-CB65EEE98AD0}.Debug|ARM.ActiveCfg = Debug|Win32
		{B3BA72A9-5A9D-4D1B-BA83-CB65EEE98AD0}.Debug|Win32.ActiveCfg = Debug|Win32
		{B3BA72A9-5A9D-4D1B-BA83-CB65EEE98AD0}.Debug|Win32.Build.0 = Debug|Win32
		{B3BA72A9-5A9D-4D1B-BA83-CB65EEE98AD0}.Debug|x64.ActiveCfg = Debug|x64
		{B3BA72A9-5A9D-4D1B-BA83-CB65EEE98AD0}.Debug|x64.Build.0 = Debug|x64
		{B3BA72A9-5A9D-4D1B-BA83-CB65EEE98AD0}.Debug|x86.ActiveCfg = Debug|Win32
		{B3BA72A9-5A9D-4D1B-BA83-CB65EEE98AD0}.Debug|x86.Build.0 = Debug|Win32
		{B3BA72A9-5A9D-4D1B-BA83-CB65EEE98AD0}.Release|ARM.ActiveCfg = Release|Win32
		{B3BA72A9-5A9D-4D1B-BA83-CB65EEE98AD0}.Release|Win32.ActiveCfg = Release|Win32
		{B3BA72A9-5A9D-4D1B-BA83-CB65EEE98AD0}.Release|Win32.Build.0 = Release|Win32
		{B3BA72A9-5A9D-4D1B-BA83-CB65EEE98AD0}.Release|x64.ActiveCfg = Release|x64
		{B3BA72A9-5A9D-4D1B-BA83-CB65EEE98AD0}.Release|x64.Build.0 = Release|x64
		{B3BA72A9-5A9D-4D1B-BA83-CB65EEE98AD0}.Release|x86.ActiveCfg = Release|Win32
		{B3BA72A9-5A9D-4D1B-BA83-CB65EEE98AD0}.Release|x86.Build.0 = Release|Win32
		{12A4EC2C-041A-4761-B710-898E4523772D}.Debug|ARM.ActiveCfg = Debug|Win32
		{12A4EC2C-041A-4761-B710-898E4523772D}.Debug|Win32.ActiveCfg = Debug|Win32
		{12A4EC2C-041A-4761-B710-898E4523772D}.Debug|Win32.Build.0 = Debug|Win32
		{12A4EC2C-041A-4761-B710-898E4523772D}.Debug|x64.ActiveCfg = Debug|x64
		{12A4EC2C-041A-4761-B710-898E4523772D}.Debug|x64.Build.0 = Debug|x64
		{12A4EC2C-041A-4761-B710-898E4523772D}.Debug|x86.ActiveCfg = Debug|Win32
		{12A4EC2C-041A-4761-B710-898E4523772D}.Debug|x86.Build.0 = Debug|Win32
		{12A4EC2C-041A-4761-B710-898E4523772D}.Release|ARM.ActiveCfg = Release|Win32
		{12A4EC2C-041A-4761-B710-898E4523772D}.Release|Win32.ActiveCfg = Release|Win32
		{12A4EC2C-041A-4761-B710-898E4523772D}.Release|Win32.Build.0 = Release|Win32
		{12A4EC2C-041A-4761-B710-898E4523772D}.Release|x64.ActiveCfg = Release|x64
		{12A4EC2C-041A-4761-B710-898E4523772D}.Release|x64.Build.0 = Release|x64
		{12A4EC2C-041A-4761-B710-898E4523772D}.Release|x86.ActiveCfg = Release|Win32
		{12A4EC2C-041A-4761-B710-898E4523772D}.Release|x86.Build.0 = Release|Win32
		{8BE69751-A590-4C6F-B74F-2C8F6004AF34}.Debug|ARM.ActiveCfg = Debug|Win32
		{8BE69751-A590-4C6F-B74F-2C8F6004AF34}.Debug|Win32.ActiveCfg = Debug|Win32
		{8BE69751-A590-4C6F-B74F-2C8F6004AF34}.Debug|Win32.Build.0 = Debug|Win32
		{8BE69751-A590-4C6F-B74F-2C8F6004AF34}.Debug|x64.ActiveCfg = Debug|x64
		{8BE69751-A590-4C6F-B74F-2C8F6004AF34}.Debug|x64.Build.0 = Debug|x64
		{8BE69751-A590-4C6F-B74F-2C8F6004AF34}.Debug|x86.ActiveCfg = Debug|Win32
		{8BE69751-A590-4C6F-B74F-2C8F6004AF34}.Debug|x86.Build.0 = Debug|Win32
		{8BE69751-A590-4C6F-B74F-2C8F6004AF34}.Release|ARM.ActiveCfg = Release|Win32
		{8BE69751-A590-4C6F-B74F-2C8F6004AF34}.Release|Win32.ActiveCfg = Release|Win32
		{8BE69751-A590-4C6F-B74F-2C8F6004AF34}.Release|Win32.Build.0 = Release|Win32
		{8BE69751-A590-4C6F-B74F-2C8F6004AF34}.Release|x64.ActiveCfg = Release|x64
		{8BE69751-A590-4C6F-B74F-2C8F6004AF34}.Release|x64.Build.0 = Release|x64
		{8BE69751-A590-4C6F-B74F-2C8F6004AF34}.Release|x86.ActiveCfg = Release|Win32
		{8BE69751-A590-4C6F-B74F-2C8F6004AF34}.Release|x86.Build.0 = Release|Win32
		{CCD096C9-22B6-43D8-8F5C-28E764F259DB}.Debug|ARM.ActiveCfg = Debug|Win32
		{CCD096C9-22B6-43D8-8F5C-28E764F259DB}.Debug|Win32.ActiveCfg = Debug|Win32
		{CCD096C9-22B6-43D8-8F5C-28E764F259DB}.Debug|Win32.Build.0 = Debug|Win32
		{CCD096C9-22B6-43D8-8F5C-28E764F259DB}.Debug|x64.ActiveCfg = Debug|x64
		{CCD096C9-22B6-43D8-8F5C-28E764F259DB}.Debug|x64.Build.0 = Debug|x64
		{CCD096C9-22B6-43D8-8F5C-28E764F259DB}.Debug|x86.ActiveCfg = Debug|Win32
		{CCD096C9-22B6-43D8-8F5C-28E764F259DB}.Debug|x86.Build.0 = Debug|Win32
		{CCD096C9-22B6-43D8-8F5C-28E764F259DB}.Release|ARM.ActiveCfg = Release|Win32
		{CCD096C9-22B6-43D8-8F5C-28E764F259DB}.Release|Win32.ActiveCfg = Release|Win32
		{CCD096C9-22B6-43D8-8F5C-28E764F259DB}.Release|Win32.Build.0 = Release|Win32
		{CCD096C9-22B6-43D8-8F5C-28E764F259DB}.Release|x64.ActiveCfg = Release|x64
		{CCD096C9-22B6-43D8-8F5C-28E764F259DB}.Release|x64.Build.0 = Release|x64
		{CCD096C9-22B6-43D8-8F5C-28E764F259DB}.Release|x86.ActiveCfg = Release|Win32
		{CCD096C9-22B6-43D8-8F5C-28E764F259DB}.Release|x86.Build.0 = Release|Win32
		{F7C56C94-BC09-4441-9E08-4FD03B8BFAA1}.Debug|ARM.ActiveCfg = Debug|Win32
		{F7C56C94-BC09-4441-9E08-4FD03B8BFAA1}.Debug|Win32.ActiveCfg = Debug|Win32
		{F7C56C94-BC09-4441-9E08-4FD03B8BFAA1}.Debug|Win32.Build.0 = Debug|Win32
		{F7C56C94-BC09-4441-9E08-4FD03B8BFAA1}.Debug|x64.ActiveCfg = Debug|x64
		{F7C56C94-BC09-4441-9E08-4FD03B8BFAA1}.Debug|x64.Build.0 = Debug|x64
		{F7C56C94-BC09-4441-9E08-4FD03B8BFAA1}.Debug|x86.ActiveCfg = Debug|Win32
		{F7C56C94-BC09-4441-9E08-4FD03B8BFAA1}.Debug|x86.Build.0 = Debug|Win32
		{F7C56C94-BC09-4441-9E08-4FD03B8BFAA1}.Release|ARM.ActiveCfg = Release|Win32
		{F7C56C94-BC09-4441-9E08-4FD03B8BFAA1}.Release|Win32.ActiveCfg = Release|Win32
		{F7C56C94-BC09-4441-9E08-4FD03B8BFAA1}.Release|Win32.Build.0 = Release|Win32
		{F7C56C94-BC09-4441-9E08-4FD03B8BFAA1}.Release|x64.ActiveCfg = Release|x64
		{F7C56C94-BC09-4441-9E08-4FD03B8BFAA1}.Release|x64.Build.0 = Release|x64
		{F7C56C94-BC09-4441-9E08-4FD03B8BFAA1}.Release|x86.ActiveCfg = Release|Win32
		{F7C56C94-BC09-4441-9E08-4FD03B8BFAA1}.Release|x86.Build.0 = Release|Win32
		{32D44126-F0D8-4CF0-BBE1-0151F61769E2}.Debug|ARM.ActiveCfg = Debug|Win32
		{32D44126-F0D8-4CF0-BBE1-0151F61769E2}.Debug|Win32.ActiveCfg = Debug|Win32
		{32D44126-F0D8-4CF0-BBE1-0151F61769E2}.Debug|Win32.Build.0 = Debug|Win32
		{32D44126-F0D8-4CF0-BBE1-0151F61769E2}.Debug|x64.ActiveCfg = Debug|x64
		{32D44126-F0D8-4CF0-BBE1-0151F61769E2}.Debug|x64.Build.0 = Debug|x64
		{32D44126-F0D8-4CF0-BBE1-0151F61769E2}.Debug|x86.ActiveCfg = Debug|Win32
		{32D44126-F0D8-4CF0-BBE1-0151F61769E2}.Debug|x86.Build.0 = Debug|Win32
		{32D44126-F0D8-4CF0-BBE1-0151F61769E2}.Release|ARM.ActiveCfg = Release|Win32
		{32D44126-F0D8-4CF0-BBE1-0151F61769E2}.Release|Win32.ActiveCfg = Release|Win32
		{32D44126-F0D8-4CF0-BBE1-0151F61769E2}.Release|Win32.Build.0 = Release|Win32
		{32D44126-F0D8-4CF0-BBE1-0151F61769E2}.Release|x64.ActiveCfg = Release|x64
		{32D44126-F0D8-4CF0-BBE1-0151F61769E2}.Release|x64.Build.0 = Release|x64
		{32D44126-F0D8-4CF0-BBE1-0151F61769E2}.Release|x86.ActiveCfg = Release|Win32
		{32D44126-F0D8-4CF0-BBE1-0151F61769E2}.Release|x86.Build.0 = Release|Win32
		{10B13411-3C51-4F4A-9D8F-6AAED60DAFB1}.Debug|ARM.ActiveCfg = Debug|Win32
		{10B13411-3C51-4F4A-9D8F-6AAED60DAFB1}.Debug|Win32.ActiveCfg = Debug|Win32
		{10B13411-3C51-4F4A-9D8F-6AAED60DAFB1}.Debug|Win32.Build.0 = Debug|Win32
		{10B13411-3C51-4F4A-9D8F-6AAED60DAFB1}.Debug|x64.ActiveCfg = Debug|x64
		{10B13411-3C51-4F4A-9D8F-6AAED60DAFB1}.Debug|x64.Build.0 = Debug|x64
		{10B13411-3C51-4F4A-9D8F-6AAED60DAFB1}.Debug|x86.ActiveCfg = Debug|Win32
		{10B13411-3C51-4F4A-9D8F-6AAED60DAFB1}.Debug|x86.Build.0 = Debug|Win32
		{10B13411-3C51-4F4A-9D8F-6AAED60DAFB1}.Release|ARM.ActiveCfg = Release|Win32
		{10B13411-3C51-4F4A-9D8F-6AAED60DAFB1}.Release|Win32.ActiveCfg = Release|Win32
		{10B13411-3C51-4F4A-9D8F-6AAED60DAFB1}.Release|Win32.Build.0 = Release|Win32
		{10B13411-3C51-4F4A-9D8F-6AAED60DAFB1}.Release|x64.ActiveCfg = Release|x64
		{10B13411-3C51-4F4A-9D8F-6AAED60DAFB1}.Release|x64.Build.0 = Release|x64
		{10B13411-3C51-4F4A-9D8F-6AAED60DAFB1}.Release|x86.ActiveCfg = Release|Win32
		{10B13411-3C51-4F4A-9D8F-6AAED60DAFB1}.Release|x86.Build.0 = Release|Win32
		{520919B1-BDC2-478F-87B5-D6730353F733}.Debug|ARM.ActiveCfg = Debug|Win32
		{520919B1-BDC2-478F-87B5-D6730353F733}.Debug|Win32.ActiveCfg = Debug|Win32
		{520919B1-BDC2-478F-87B5-D6730353F733}.Debug|Win32.Build.0 = Debug|Win32
		{520919B1-BDC2-478F-87B5-D6730353F733}.Debug|x64.ActiveCfg = Debug|x64
		{520919B1-BDC2-478F-87B5-D6730353F733}.Debug|x64.Build.0 = Debug|x64
		{520919B1-BDC2-478F-87B5-D6730353F733}.Debug|x86.ActiveCfg = Debug|Win32
		{520919B1-BDC2-478F-87B5-D6730353F733}.Debug|x86.Build.0 = Debug|Win32
		{520919B1-BDC2-478F-87B5-D6730353F733}.Release|ARM.ActiveCfg = Release|Win32
		{520919B1-BDC2-478F-87B5-D6730353F733}.Release|Win32.ActiveCfg = Release|Win32
		{520919B1-BDC2-478F-87B5-D6730353F733}.Release|Win32.Build.0 = Release|Win32
		{520919B1-BDC2-478F-87B5-D6730353F733}.Release|x64.ActiveCfg = Release|x64
		{520919B1-BDC2-478F-87B5-D6730353F733}.Release|x64.Build.0 = Release|x64
		{520919B1-BDC2-478F-87B5-D6730353F733}.Release|x86.ActiveCfg = Release|Win32
		{520919B1-BDC2-478F-87B5-D6730353F733}.Release|x86.Build.0 = Release|Win32
		{2431B222-9CC8-46AA-8BDB-A2157342391F}.Debug|ARM.ActiveCfg = Debug|Win32
		{2431B222-9CC8-46AA-8BDB-A2157342391F}.Debug|Win32.ActiveCfg = Debug|Win32
		{2431B222-9CC8-46AA-8BDB-A2157342391F}.Debug|Win32.Build.0 = Debug|Win32
		{2431B222-9CC8-46AA-8BDB-A2157342391F}.Debug|x64.ActiveCfg = Debug|x64
		{2431B222-9CC8-46AA-8BDB-A2157342391F}.Debug|x64.Build.0 = Debug|x64
		{2431B222-9CC8-46AA-8BDB-A2157342391F}.Debug|x86.ActiveCfg = Debug|Win32
		{2431B222-9CC8-46AA-8BDB-A2157342391F}.Debug|x86.Build.0 = Debug|Win32
		{2431B222-9CC8-46AA-8BDB-A2157342391F}.Release|ARM.ActiveCfg = Release|Win32
		{2431B222-9CC8-46AA-8BDB-A2157342391F}.Release|Win32.ActiveCfg = Release|Win32
		{2431B222-9CC8-46AA-8BDB-A2157342391F}.Release|Win32.Build.0 = Release|Win32
		{2431B222-9CC8-46AA-8BDB-A2157342391F}.Release|x64.ActiveCfg = Release|x64
		{2431B222-9CC8-46AA-8BDB-A2157342391F}.Release|x64.Build.0 = Release|x64
		{2431B222-9CC8-46AA-8BDB-A2157342391F}.Release|x86.ActiveCfg = Release|Win32
		{2431B222-9CC8-46AA-8BDB-A2157342391F}.Release|x86.Build.0 = Release|Win32
	EndGlobalSection
	GlobalSection(SolutionProperties) = preSolution
		HideSolutionNode = FALSE
	EndGlobalSection
	GlobalSection(NestedProjects) = preSolution
		{2211750F-41D9-48DD-BE39-D34403451533} = {E5C8915E-5EF8-4620-93A2-B6B77D2A6722}
		{B3BA72A9-5A9D-4D1B-BA83-CB65EEE98AD0} = {1AF33130-BE0C-4987-B433-290175FBE0EA}
		{12A4EC2C-041A-4761-B710-898E4523772D} = {E5C8915E-5EF8-4620-93A2-B6B77D2A6722}
		{CCD096C9-22B6-43D8-8F5C-28E764F259DB} = {E5C8915E-5EF8-4620-93A2-B6B77D2A6722}
		{32D44126-F0D8-4CF0-BBE1-0151F61769E2} = {CFCC9002-1E86-4E2D-A80F-FD1ADEBBF5B7}
		{10B13411-3C51-4F4A-9D8F-6AAED60DAFB1} = {CFCC9002-1E86-4E2D-A80F-FD1ADEBBF5B7}
		{520919B1-BDC2-478F-87B5-D6730353F733} = {679F9352-EAE8-4CCA-B082-790865B295A3}
		{2431B222-9CC8-46AA-8BDB-A2157342391F} = {679F9352-EAE8-4CCA-B082-790865B295A3}
	EndGlobalSection
EndGlobal
